// !$*UTF8*$!
{
	archiveVersion = 1;
	classes = {};
	objectVersion = 56;
	objects = {

/* Begin PBXBuildFile section */
		1E5AC052DA9745B98989F3C7 /* BlueMoorLearnApp.swift in Sources/Resources */ = {isa = PBXBuildFile; fileRef = A7DA0E1D74D243ACA8ECF053 /* BlueMoorLearnApp.swift */; };
		ADA95FAC685A445394AA2369 /* Enums.swift in Sources/Resources */ = {isa = PBXBuildFile; fileRef = C0DF624DE81943BFA189C7C7 /* Enums.swift */; };
		45C8C0CA3A8F4402AC4B24C6 /* Lesson.swift in Sources/Resources */ = {isa = PBXBuildFile; fileRef = 6740374C11DF47B194DF3BD3 /* Lesson.swift */; };
		986E7843860F42A9A6D37A47 /* LessonProgress.swift in Sources/Resources */ = {isa = PBXBuildFile; fileRef = A3E958B27F7946E89049CFAE /* LessonProgress.swift */; };
		EC721ECD00624423A0D6E170 /* UserProfile.swift in Sources/Resources */ = {isa = PBXBuildFile; fileRef = CF4676B5CCA542ED84654429 /* UserProfile.swift */; };
		00FFAF1ABE5640CAB02A0D53 /* ContentService.swift in Sources/Resources */ = {isa = PBXBuildFile; fileRef = 962D80FB04434BC4A10D6F2C /* ContentService.swift */; };
		C0DE516C935E4E31BFAD709F /* ProgressService.swift in Sources/Resources */ = {isa = PBXBuildFile; fileRef = 83DF514BA537437BBF16FADC /* ProgressService.swift */; };
		78B28259B5804184B37C2B8E /* CosmosView.swift in Sources/Resources */ = {isa = PBXBuildFile; fileRef = 023BC1233D5E4E81BEF6651B /* CosmosView.swift */; };
		FDF1A78A588B4A6F9D542D1E /* ExploreView.swift in Sources/Resources */ = {isa = PBXBuildFile; fileRef = 6341D4FEDF2241F48F8B500D /* ExploreView.swift */; };
		18D37F1626D8416DAC61F3D5 /* HistoryView.swift in Sources/Resources */ = {isa = PBXBuildFile; fileRef = D85257E12A2043848D095373 /* HistoryView.swift */; };
		04C4DACDD0D7428B993095CA /* LessonView.swift in Sources/Resources */ = {isa = PBXBuildFile; fileRef = 8D52352D12484AFEA758DEF7 /* LessonView.swift */; };
		E937E78017214ED1926A047C /* OnboardingView.swift in Sources/Resources */ = {isa = PBXBuildFile; fileRef = 26EF67E681664306A1A671E3 /* OnboardingView.swift */; };
		D25135B0F3AD4F4AA4135B45 /* ProgressDashboardView.swift in Sources/Resources */ = {isa = PBXBuildFile; fileRef = D67CADAAD13543F9984F096C /* ProgressDashboardView.swift */; };
		0005B7DB87114D048426CEC8 /* QuizView.swift in Sources/Resources */ = {isa = PBXBuildFile; fileRef = 76ECA523778047C6B0D3992A /* QuizView.swift */; };
		5FB3D7360CC44D1A8B320254 /* SettingsView.swift in Sources/Resources */ = {isa = PBXBuildFile; fileRef = BF8D25D56CEA433CB35031A3 /* SettingsView.swift */; };
		50F33C494A9A43858CCF8F86 /* TodayView.swift in Sources/Resources */ = {isa = PBXBuildFile; fileRef = 2D45DA1EBFE44B198C8EE997 /* TodayView.swift */; };
		50A80D0339104F8F83E43E24 /* Assets.xcassets in Sources/Resources */ = {isa = PBXBuildFile; fileRef = 06E8105ADACA4FECA85B0267 /* Assets.xcassets */; };
		C3D4E5F60718293A4B5C6D7E /* lessons.json in Resources */ = {isa = PBXBuildFile; fileRef = A1B2C3D4E5F60718293A4B5C /* lessons.json */; };
		D4E5F60718293A4B5C6D7E8F /* daily_facts.json in Resources */ = {isa = PBXBuildFile; fileRef = B2C3D4E5F60718293A4B5C6D /* daily_facts.json */; };
		1ACB69C1097520D7DACFFC23 /* ancient-egypt-old-kingdom.jpg in Resources */ = {isa = PBXBuildFile; fileRef = 8331C6942B6FB1D24EED845E /* ancient-egypt-old-kingdom.jpg */; };
		B74A390E1A5182FCD50F573C /* ashoka-maurya.jpg in Resources */ = {isa = PBXBuildFile; fileRef = D5811C2C7466CFD6D1AA3B6C /* ashoka-maurya.jpg */; };
		1D35BBF49FDDC6E14ABCB373 /* black-holes.jpg in Resources */ = {isa = PBXBuildFile; fileRef = C912F158F85D94B15E444511 /* black-holes.jpg */; };
		1C07284D3B93C17B860C863E /* fall-constantinople.jpg in Resources */ = {isa = PBXBuildFile; fileRef = 6D1B67DAABA4EEDB4B61DA3D /* fall-constantinople.jpg */; };
		82B6F5F9326F292DA22A67EE /* french-revolution.jpg in Resources */ = {isa = PBXBuildFile; fileRef = E5B3D6CDB49E8D6607A739B4 /* french-revolution.jpg */; };
		6636E5E52E7770AD6CF2E6C4 /* indus-valley.jpg in Resources */ = {isa = PBXBuildFile; fileRef = 14387BCB579EE6B8AB5F57A8 /* indus-valley.jpg */; };
		27E8D65E803F3106C0755F04 /* mansa-musa.jpg in Resources */ = {isa = PBXBuildFile; fileRef = 7E5E57D07A77ECBDF626D5F1 /* mansa-musa.jpg */; };
		957E61F351C0AB0E8CE5B809 /* mughal-founding.jpg in Resources */ = {isa = PBXBuildFile; fileRef = F54E42D18B28D60BD761AEC4 /* mughal-founding.jpg */; };
		69EA5BCB9CCBD0469C64BD66 /* partition-1947.jpg in Resources */ = {isa = PBXBuildFile; fileRef = CA80F148C13892230BCF4593 /* partition-1947.jpg */; };
		BA11DF6E5A4C83A8BB9129C3 /* printing-press.jpg in Resources */ = {isa = PBXBuildFile; fileRef = 410044D5662CB9358519A366 /* printing-press.jpg */; };
		5F5EDDAD64B9B06075815FC4 /* roman-republic.jpg in Resources */ = {isa = PBXBuildFile; fileRef = C428DD6EA153DC74C1C25B29 /* roman-republic.jpg */; };
		719F533DA7099546C75B1F5B /* silk-road.jpg in Resources */ = {isa = PBXBuildFile; fileRef = 2703F2304F930BE0F108199A /* silk-road.jpg */; };
		5651A71E77ED0DE750709BCA /* solar-system.jpg in Resources */ = {isa = PBXBuildFile; fileRef = 9CE90C4033E84FCD0F57BA70 /* solar-system.jpg */; };
/* End PBXBuildFile section */

/* Begin PBXFileReference section */
		675F960279B04AB0A381DDAC /* BlueMoorLearn.app */ = {isa = PBXFileReference; explicitFileType = wrapper.application; includeInIndex = 0; path = BlueMoorLearn.app; sourceTree = BUILT_PRODUCTS_DIR; };
		A7DA0E1D74D243ACA8ECF053 /* BlueMoorLearnApp.swift */ = {isa = PBXFileReference; lastKnownFileType = sourcecode.swift; path = BlueMoorLearnApp.swift; sourceTree = "<group>"; };
		C0DF624DE81943BFA189C7C7 /* Enums.swift */ = {isa = PBXFileReference; lastKnownFileType = sourcecode.swift; path = Enums.swift; sourceTree = "<group>"; };
		6740374C11DF47B194DF3BD3 /* Lesson.swift */ = {isa = PBXFileReference; lastKnownFileType = sourcecode.swift; path = Lesson.swift; sourceTree = "<group>"; };
		A3E958B27F7946E89049CFAE /* LessonProgress.swift */ = {isa = PBXFileReference; lastKnownFileType = sourcecode.swift; path = LessonProgress.swift; sourceTree = "<group>"; };
		CF4676B5CCA542ED84654429 /* UserProfile.swift */ = {isa = PBXFileReference; lastKnownFileType = sourcecode.swift; path = UserProfile.swift; sourceTree = "<group>"; };
		962D80FB04434BC4A10D6F2C /* ContentService.swift */ = {isa = PBXFileReference; lastKnownFileType = sourcecode.swift; path = ContentService.swift; sourceTree = "<group>"; };
		83DF514BA537437BBF16FADC /* ProgressService.swift */ = {isa = PBXFileReference; lastKnownFileType = sourcecode.swift; path = ProgressService.swift; sourceTree = "<group>"; };
		023BC1233D5E4E81BEF6651B /* CosmosView.swift */ = {isa = PBXFileReference; lastKnownFileType = sourcecode.swift; path = CosmosView.swift; sourceTree = "<group>"; };
		6341D4FEDF2241F48F8B500D /* ExploreView.swift */ = {isa = PBXFileReference; lastKnownFileType = sourcecode.swift; path = ExploreView.swift; sourceTree = "<group>"; };
		D85257E12A2043848D095373 /* HistoryView.swift */ = {isa = PBXFileReference; lastKnownFileType = sourcecode.swift; path = HistoryView.swift; sourceTree = "<group>"; };
		8D52352D12484AFEA758DEF7 /* LessonView.swift */ = {isa = PBXFileReference; lastKnownFileType = sourcecode.swift; path = LessonView.swift; sourceTree = "<group>"; };
		26EF67E681664306A1A671E3 /* OnboardingView.swift */ = {isa = PBXFileReference; lastKnownFileType = sourcecode.swift; path = OnboardingView.swift; sourceTree = "<group>"; };
		D67CADAAD13543F9984F096C /* ProgressDashboardView.swift */ = {isa = PBXFileReference; lastKnownFileType = sourcecode.swift; path = ProgressDashboardView.swift; sourceTree = "<group>"; };
		76ECA523778047C6B0D3992A /* QuizView.swift */ = {isa = PBXFileReference; lastKnownFileType = sourcecode.swift; path = QuizView.swift; sourceTree = "<group>"; };
		BF8D25D56CEA433CB35031A3 /* SettingsView.swift */ = {isa = PBXFileReference; lastKnownFileType = sourcecode.swift; path = SettingsView.swift; sourceTree = "<group>"; };
		2D45DA1EBFE44B198C8EE997 /* TodayView.swift */ = {isa = PBXFileReference; lastKnownFileType = sourcecode.swift; path = TodayView.swift; sourceTree = "<group>"; };
		06E8105ADACA4FECA85B0267 /* Assets.xcassets */ = {isa = PBXFileReference; lastKnownFileType = folder.assetcatalog; path = Assets.xcassets; sourceTree = "<group>"; };
		A8687BED21BE4D5D92C74BDC /* README.md */ = {isa = PBXFileReference; lastKnownFileType = net.daringfireball.markdown; path = README.md; sourceTree = "<group>"; };
		A1B2C3D4E5F60718293A4B5C /* lessons.json */ = {isa = PBXFileReference; lastKnownFileType = text.json; path = lessons.json; sourceTree = "<group>"; };
		B2C3D4E5F60718293A4B5C6D /* daily_facts.json */ = {isa = PBXFileReference; lastKnownFileType = text.json; path = daily_facts.json; sourceTree = "<group>"; };
		8331C6942B6FB1D24EED845E /* ancient-egypt-old-kingdom.jpg */ = {isa = PBXFileReference; lastKnownFileType = image.jpeg; path = ancient-egypt-old-kingdom.jpg; sourceTree = "<group>"; };
		D5811C2C7466CFD6D1AA3B6C /* ashoka-maurya.jpg */ = {isa = PBXFileReference; lastKnownFileType = image.jpeg; path = ashoka-maurya.jpg; sourceTree = "<group>"; };
		C912F158F85D94B15E444511 /* black-holes.jpg */ = {isa = PBXFileReference; lastKnownFileType = image.jpeg; path = black-holes.jpg; sourceTree = "<group>"; };
		6D1B67DAABA4EEDB4B61DA3D /* fall-constantinople.jpg */ = {isa = PBXFileReference; lastKnownFileType = image.jpeg; path = fall-constantinople.jpg; sourceTree = "<group>"; };
		E5B3D6CDB49E8D6607A739B4 /* french-revolution.jpg */ = {isa = PBXFileReference; lastKnownFileType = image.jpeg; path = french-revolution.jpg; sourceTree = "<group>"; };
		14387BCB579EE6B8AB5F57A8 /* indus-valley.jpg */ = {isa = PBXFileReference; lastKnownFileType = image.jpeg; path = indus-valley.jpg; sourceTree = "<group>"; };
		7E5E57D07A77ECBDF626D5F1 /* mansa-musa.jpg */ = {isa = PBXFileReference; lastKnownFileType = image.jpeg; path = mansa-musa.jpg; sourceTree = "<group>"; };
		F54E42D18B28D60BD761AEC4 /* mughal-founding.jpg */ = {isa = PBXFileReference; lastKnownFileType = image.jpeg; path = mughal-founding.jpg; sourceTree = "<group>"; };
		CA80F148C13892230BCF4593 /* partition-1947.jpg */ = {isa = PBXFileReference; lastKnownFileType = image.jpeg; path = partition-1947.jpg; sourceTree = "<group>"; };
		410044D5662CB9358519A366 /* printing-press.jpg */ = {isa = PBXFileReference; lastKnownFileType = image.jpeg; path = printing-press.jpg; sourceTree = "<group>"; };
		C428DD6EA153DC74C1C25B29 /* roman-republic.jpg */ = {isa = PBXFileReference; lastKnownFileType = image.jpeg; path = roman-republic.jpg; sourceTree = "<group>"; };
		2703F2304F930BE0F108199A /* silk-road.jpg */ = {isa = PBXFileReference; lastKnownFileType = image.jpeg; path = silk-road.jpg; sourceTree = "<group>"; };
		9CE90C4033E84FCD0F57BA70 /* solar-system.jpg */ = {isa = PBXFileReference; lastKnownFileType = image.jpeg; path = solar-system.jpg; sourceTree = "<group>"; };
/* End PBXFileReference section */

/* Begin PBXGroup section */
		7FBEF6FCC9E440A89CAFD4FD = {
			isa = PBXGroup;
			children = (A7EADC48DA304B1C87C9FB3A, 14EBAF0FEEEB4C66BCCDAEDB);
			sourceTree = "<group>";
		};
		14EBAF0FEEEB4C66BCCDAEDB /* Products */ = {
			isa = PBXGroup;
			children = (675F960279B04AB0A381DDAC /* BlueMoorLearn.app */);
			name = Products;
			sourceTree = "<group>";
		};
		A7EADC48DA304B1C87C9FB3A /* BlueMoorLearn */ = {
			isa = PBXGroup;
			children = (
				F96C3F63284A46CD8C9A4F61,
				27AC4096C7CD4ADDA9637F7D,
				6841481065DF4CE38EB1DB71,
				1108DEBEF4824E74B0066C06,
				3668870501B64FEBAEF9C4B2,
				A7DA0E1D74D243ACA8ECF053,
				A8687BED21BE4D5D92C74BDC,
				06E8105ADACA4FECA85B0267,
			);
			path = BlueMoorLearn;
			sourceTree = "<group>";
		};
		F96C3F63284A46CD8C9A4F61 /* Models */ = {
			isa = PBXGroup;
			children = (
				C0DF624DE81943BFA189C7C7,
				6740374C11DF47B194DF3BD3,
				A3E958B27F7946E89049CFAE,
				CF4676B5CCA542ED84654429,
			);
			path = Models;
			sourceTree = "<group>";
		};
		27AC4096C7CD4ADDA9637F7D /* Views */ = {
			isa = PBXGroup;
			children = (
				023BC1233D5E4E81BEF6651B,
				6341D4FEDF2241F48F8B500D,
				D85257E12A2043848D095373,
				8D52352D12484AFEA758DEF7,
				26EF67E681664306A1A671E3,
				D67CADAAD13543F9984F096C,
				76ECA523778047C6B0D3992A,
				BF8D25D56CEA433CB35031A3,
				2D45DA1EBFE44B198C8EE997,
			);
			path = Views;
			sourceTree = "<group>";
		};
		6841481065DF4CE38EB1DB71 /* Services */ = {
			isa = PBXGroup;
			children = (
				962D80FB04434BC4A10D6F2C,
				83DF514BA537437BBF16FADC,
			);
			path = Services;
			sourceTree = "<group>";
		};
		1108DEBEF4824E74B0066C06 /* ViewModels */ = {
			isa = PBXGroup;
			children = (
			);
			path = ViewModels;
			sourceTree = "<group>";
		};
		3668870501B64FEBAEF9C4B2 /* Resources */ = {
			isa = PBXGroup;
			children = (
				BF80379708E899DA6B4CFDD9 /* images */,
				A1B2C3D4E5F60718293A4B5C /* lessons.json */,
				B2C3D4E5F60718293A4B5C6D /* daily_facts.json */,
			);
			path = Resources;
			sourceTree = "<group>";
		};
		BF80379708E899DA6B4CFDD9 /* images */ = {
			isa = PBXGroup;
			children = (
				8331C6942B6FB1D24EED845E /* ancient-egypt-old-kingdom.jpg */,
				D5811C2C7466CFD6D1AA3B6C /* ashoka-maurya.jpg */,
				C912F158F85D94B15E444511 /* black-holes.jpg */,
				6D1B67DAABA4EEDB4B61DA3D /* fall-constantinople.jpg */,
				E5B3D6CDB49E8D6607A739B4 /* french-revolution.jpg */,
				14387BCB579EE6B8AB5F57A8 /* indus-valley.jpg */,
				7E5E57D07A77ECBDF626D5F1 /* mansa-musa.jpg */,
				F54E42D18B28D60BD761AEC4 /* mughal-founding.jpg */,
				CA80F148C13892230BCF4593 /* partition-1947.jpg */,
				410044D5662CB9358519A366 /* printing-press.jpg */,
				C428DD6EA153DC74C1C25B29 /* roman-republic.jpg */,
				2703F2304F930BE0F108199A /* silk-road.jpg */,
				9CE90C4033E84FCD0F57BA70 /* solar-system.jpg */,
			);
			path = images;
			sourceTree = "<group>";
		};
/* End PBXGroup section */

/* Begin PBXNativeTarget section */
		2863BA7C74CC4FC6A49680FF /* BlueMoorLearn */ = {
			isa = PBXNativeTarget;
			buildConfigurationList = 5F9C9862D7864ACCB38533B5 /* Build configuration list for PBXNativeTarget "BlueMoorLearn" */;
			buildPhases = (
				78D5D912C6E9406F931DA326 /* Sources */,
				869D22DCA5EB420AAC268FDB /* Frameworks */,
				4352F3951D584D1B89CF7120 /* Resources */,
			);
			buildRules = (
			);
			dependencies = (
			);
			name = BlueMoorLearn;
			productName = BlueMoorLearn;
			productReference = 675F960279B04AB0A381DDAC /* BlueMoorLearn.app */;
			productType = "com.apple.product-type.application";
		};
/* End PBXNativeTarget section */

/* Begin PBXProject section */
		F1CA802455DE4439AD0476C3 /* Project object */ = {
			isa = PBXProject;
			attributes = {
				BuildIndependentTargetsInParallel = 1;
				LastSwiftUpdateCheck = 1620;
				LastUpgradeCheck = 1620;
				TargetAttributes = {
					2863BA7C74CC4FC6A49680FF = {
						CreatedOnToolsVersion = 16.2;
					};
				};
			};
			buildConfigurationList = D0ADE54992A744828548862E /* Build configuration list for PBXProject "BlueMoorLearn" */;
			compatibilityVersion = "Xcode 14.0";
			developmentRegion = en;
			hasScannedForEncodings = 0;
			knownRegions = (
				en,
				Base,
			);
			mainGroup = 7FBEF6FCC9E440A89CAFD4FD;
			productRefGroup = 14EBAF0FEEEB4C66BCCDAEDB /* Products */;
			projectDirPath = "";
			projectRoot = "";
			targets = (
				2863BA7C74CC4FC6A49680FF /* BlueMoorLearn */,
			);
		};
/* End PBXProject section */

/* Begin PBXSourcesBuildPhase section */
		78D5D912C6E9406F931DA326 /* Sources */ = {
			isa = PBXSourcesBuildPhase;
			buildActionMask = 2147483647;
			files = (
				1E5AC052DA9745B98989F3C7 /* BlueMoorLearnApp.swift in Sources */,
				ADA95FAC685A445394AA2369 /* Enums.swift in Sources */,
				45C8C0CA3A8F4402AC4B24C6 /* Lesson.swift in Sources */,
				986E7843860F42A9A6D37A47 /* LessonProgress.swift in Sources */,
				EC721ECD00624423A0D6E170 /* UserProfile.swift in Sources */,
				00FFAF1ABE5640CAB02A0D53 /* ContentService.swift in Sources */,
				C0DE516C935E4E31BFAD709F /* ProgressService.swift in Sources */,
				78B28259B5804184B37C2B8E /* CosmosView.swift in Sources */,
				FDF1A78A588B4A6F9D542D1E /* ExploreView.swift in Sources */,
				18D37F1626D8416DAC61F3D5 /* HistoryView.swift in Sources */,
				04C4DACDD0D7428B993095CA /* LessonView.swift in Sources */,
				E937E78017214ED1926A047C /* OnboardingView.swift in Sources */,
				D25135B0F3AD4F4AA4135B45 /* ProgressDashboardView.swift in Sources */,
				0005B7DB87114D048426CEC8 /* QuizView.swift in Sources */,
				5FB3D7360CC44D1A8B320254 /* SettingsView.swift in Sources */,
				50F33C494A9A43858CCF8F86 /* TodayView.swift in Sources */,
			);
			runOnlyForDeploymentPostprocessing = 0;
		};
/* End PBXSourcesBuildPhase section */

/* Begin PBXFrameworksBuildPhase section */
		869D22DCA5EB420AAC268FDB /* Frameworks */ = {
			isa = PBXFrameworksBuildPhase;
			buildActionMask = 2147483647;
			files = (
			);
			runOnlyForDeploymentPostprocessing = 0;
		};
/* End PBXFrameworksBuildPhase section */

/* Begin PBXResourcesBuildPhase section */
		4352F3951D584D1B89CF7120 /* Resources */ = {
			isa = PBXResourcesBuildPhase;
			buildActionMask = 2147483647;
			files = (
				50A80D0339104F8F83E43E24 /* Assets.xcassets in Resources */,
				1ACB69C1097520D7DACFFC23 /* ancient-egypt-old-kingdom.jpg in Resources */,
				B74A390E1A5182FCD50F573C /* ashoka-maurya.jpg in Resources */,
				1D35BBF49FDDC6E14ABCB373 /* black-holes.jpg in Resources */,
				1C07284D3B93C17B860C863E /* fall-constantinople.jpg in Resources */,
				82B6F5F9326F292DA22A67EE /* french-revolution.jpg in Resources */,
				6636E5E52E7770AD6CF2E6C4 /* indus-valley.jpg in Resources */,
				27E8D65E803F3106C0755F04 /* mansa-musa.jpg in Resources */,
				957E61F351C0AB0E8CE5B809 /* mughal-founding.jpg in Resources */,
				69EA5BCB9CCBD0469C64BD66 /* partition-1947.jpg in Resources */,
				BA11DF6E5A4C83A8BB9129C3 /* printing-press.jpg in Resources */,
				5F5EDDAD64B9B06075815FC4 /* roman-republic.jpg in Resources */,
				719F533DA7099546C75B1F5B /* silk-road.jpg in Resources */,
				5651A71E77ED0DE750709BCA /* solar-system.jpg in Resources */,
				C3D4E5F60718293A4B5C6D7E /* lessons.json in Resources */,
				D4E5F60718293A4B5C6D7E8F /* daily_facts.json in Resources */,
			);
			runOnlyForDeploymentPostprocessing = 0;
		};
/* End PBXResourcesBuildPhase section */

/* Begin XCBuildConfiguration section */
		509B8F61F73746D38A5BF70B /* Debug */ = {
			isa = XCBuildConfiguration;
			buildSettings = {
				ALWAYS_SEARCH_USER_PATHS = NO;
				CLANG_ENABLE_MODULES = YES;
				CLANG_ENABLE_OBJC_ARC = YES;
				COPY_PHASE_STRIP = NO;
				DEBUG_INFORMATION_FORMAT = dwarf;
				ENABLE_STRICT_OBJC_MSGSEND = YES;
				GCC_DYNAMIC_NO_PIC = NO;
				GCC_OPTIMIZATION_LEVEL = 0;
				MACOSX_DEPLOYMENT_TARGET = 14.0;
				ONLY_ACTIVE_ARCH = YES;
				SDKROOT = macosx;
				SWIFT_ACTIVE_COMPILATION_CONDITIONS = "DEBUG $(inherited)";
				SWIFT_OPTIMIZATION_LEVEL = "-Onone";
			};
			name = Debug;
		};
		1A7F7B84508A43D2BD22D0FC /* Release */ = {
			isa = XCBuildConfiguration;
			buildSettings = {
				ALWAYS_SEARCH_USER_PATHS = NO;
				CLANG_ENABLE_MODULES = YES;
				CLANG_ENABLE_OBJC_ARC = YES;
				COPY_PHASE_STRIP = NO;
				DEBUG_INFORMATION_FORMAT = "dwarf-with-dsym";
				ENABLE_NS_ASSERTIONS = NO;
				ENABLE_STRICT_OBJC_MSGSEND = YES;
				MACOSX_DEPLOYMENT_TARGET = 14.0;
				SDKROOT = macosx;
				SWIFT_COMPILATION_MODE = wholemodule;
			};
			name = Release;
		};
		5CFF67368FC8431D9E3F2912 /* Debug */ = {
			isa = XCBuildConfiguration;
			buildSettings = {
				ASSETCATALOG_COMPILER_APPICON_NAME = AppIcon;
				ASSETCATALOG_COMPILER_GLOBAL_ACCENT_COLOR_NAME = AccentColor;
				CODE_SIGN_STYLE = Automatic;
				COMBINE_HIDPI_IMAGES = YES;
				CURRENT_PROJECT_VERSION = 1;
				ENABLE_HARDENED_RUNTIME = YES;
				GENERATE_INFOPLIST_FILE = YES;
				INFOPLIST_KEY_CFBundleDisplayName = "Blue Moor - Learn";
				INFOPLIST_KEY_CFBundleName = "Blue Moor - Learn";
				INFOPLIST_KEY_NSHumanReadableCopyright = "Copyright © 2026. All rights reserved.";
				INFOPLIST_KEY_NSPrincipalClass = NSApplication;
				LD_RUNPATH_SEARCH_PATHS = (
					"$(inherited)",
					"@executable_path/../Frameworks",
				);
				MACOSX_DEPLOYMENT_TARGET = 14.0;
				MARKETING_VERSION = 1.0;
				PRODUCT_BUNDLE_IDENTIFIER = com.local.BlueMoorLearn;
				PRODUCT_NAME = "$(TARGET_NAME)";
				SWIFT_EMIT_LOC_STRINGS = YES;
				SWIFT_VERSION = 5.0;
			};
			name = Debug;
		};
		BDF80874566C4682B9FD1FBB /* Release */ = {
			isa = XCBuildConfiguration;
			buildSettings = {
				ASSETCATALOG_COMPILER_APPICON_NAME = AppIcon;
				ASSETCATALOG_COMPILER_GLOBAL_ACCENT_COLOR_NAME = AccentColor;
				CODE_SIGN_STYLE = Automatic;
				COMBINE_HIDPI_IMAGES = YES;
				CURRENT_PROJECT_VERSION = 1;
				ENABLE_HARDENED_RUNTIME = YES;
				GENERATE_INFOPLIST_FILE = YES;
				INFOPLIST_KEY_CFBundleDisplayName = "Blue Moor - Learn";
				INFOPLIST_KEY_CFBundleName = "Blue Moor - Learn";
				INFOPLIST_KEY_NSHumanReadableCopyright = "Copyright © 2026. All rights reserved.";
				INFOPLIST_KEY_NSPrincipalClass = NSApplication;
				LD_RUNPATH_SEARCH_PATHS = (
					"$(inherited)",
					"@executable_path/../Frameworks",
				);
				MACOSX_DEPLOYMENT_TARGET = 14.0;
				MARKETING_VERSION = 1.0;
				PRODUCT_BUNDLE_IDENTIFIER = com.local.BlueMoorLearn;
				PRODUCT_NAME = "$(TARGET_NAME)";
				SWIFT_EMIT_LOC_STRINGS = YES;
				SWIFT_VERSION = 5.0;
			};
			name = Release;
		};
/* End XCBuildConfiguration section */

/* Begin XCConfigurationList section */
		D0ADE54992A744828548862E /* Build configuration list for PBXProject "BlueMoorLearn" */ = {
			isa = XCConfigurationList;
			buildConfigurations = (
				509B8F61F73746D38A5BF70B /* Debug */,
				1A7F7B84508A43D2BD22D0FC /* Release */,
			);
			defaultConfigurationIsVisible = 0;
			defaultConfigurationName = Release;
		};
		5F9C9862D7864ACCB38533B5 /* Build configuration list for PBXNativeTarget "BlueMoorLearn" */ = {
			isa = XCConfigurationList;
			buildConfigurations = (
				5CFF67368FC8431D9E3F2912 /* Debug */,
				BDF80874566C4682B9FD1FBB /* Release */,
			);
			defaultConfigurationIsVisible = 0;
			defaultConfigurationName = Release;
		};
/* End XCConfigurationList section */
	};
	rootObject = F1CA802455DE4439AD0476C3 /* Project object */;
}
